{
  "name": "DigiSapien",
  "lockfileVersion": 2,
  "requires": true,
  "packages": {
    "": {
      "dependencies": {
        "data-pixels": "^1.0.3",
        "lodash": "^4.17.21"
      }
    },
    "node_modules/data-pixels": {
      "version": "1.0.3",
      "resolved": "https://registry.npmjs.org/data-pixels/-/data-pixels-1.0.3.tgz",
      "integrity": "sha512-6bd6tK3HC+GuZ0gCsjWn4ReZEkitW64q1EEThUNtl0mOLzarMJUZYEVeJKS7ke7nnuEMY/Xlz3dNnrf8LnPATw=="
    },
    "node_modules/lodash": {
      "version": "4.17.21",
      "resolved": "https://registry.npmjs.org/lodash/-/lodash-4.17.21.tgz",
      "integrity": "sha512-v2kDEe57lecTulaDIuNTPy3Ry4gLGJ6Z1O3vE1krgXZNrsQ+LFTGHVxVjcXPs17LhbZVGedAJv8XZ1tvj5FvSg=="
    }
  },
  "dependencies": {
    "data-pixels": {
      "version": "1.0.3",
      "resolved": "https://registry.npmjs.org/data-pixels/-/data-pixels-1.0.3.tgz",
      "integrity": "sha512-6bd6tK3HC+GuZ0gCsjWn4ReZEkitW64q1EEThUNtl0mOLzarMJUZYEVeJKS7ke7nnuEMY/Xlz3dNnrf8LnPATw=="
    },
    "lodash": {
      "version": "4.17.21",
      "resolved": "https://registry.npmjs.org/lodash/-/lodash-4.17.21.tgz",
      "integrity": "sha512-v2kDEe57lecTulaDIuNTPy3Ry4gLGJ6Z1O3vE1krgXZNrsQ+LFTGHVxVjcXPs17LhbZVGedAJv8XZ1tvj5FvSg=="
    }
  }
}
